Microsoft Visual Studio Solution File, Format Version 12.00
# Visual Studio Version 17
VisualStudioVersion = 17.0.31903.59
MinimumVisualStudioVersion = 10.0.40219.1
Project("{FAE04EC0-301F-11D3-BF4B-00C04F79EFBC}") = "FFXIV_Plugin_Localizer", "FFXIV_Plugin_Localizer\FFXIV_Plugin_Localizer.csproj", "{8CC34C88-A40D-4B24-A479-301E07635FD0}"
EndProject
Project("{FAE04EC0-301F-11D3-BF4B-00C04F79EFBC}") = "FFXIV_Plugin_Localizer.Tests", "FFXIV_Plugin_Localizer.Tests\FFXIV_Plugin_Localizer.Tests.csproj", "{00DF0DA3-4032-480F-8D56-2E8B4E0BE719}"
EndProject
Global
	GlobalSection(SolutionConfigurationPlatforms) = preSolution
		Debug|Any CPU = Debug|Any CPU
		Release|Any CPU = Release|Any CPU
	EndGlobalSection
	GlobalSection(ProjectConfigurationPlatforms) = postSolution
		{8CC34C88-A40D-4B24-A479-301E07635FD0}.Debug|Any CPU.ActiveCfg = Debug|Any CPU
		{8CC34C88-A40D-4B24-A479-301E07635FD0}.Debug|Any CPU.Build.0 = Debug|Any CPU
		{8CC34C88-A40D-4B24-A479-301E07635FD0}.Release|Any CPU.ActiveCfg = Release|Any CPU
		{8CC34C88-A40D-4B24-A479-301E07635FD0}.Release|Any CPU.Build.0 = Release|Any CPU
		{00DF0DA3-4032-480F-8D56-2E8B4E0BE719}.Debug|Any CPU.ActiveCfg = Debug|Any CPU
		{00DF0DA3-4032-480F-8D56-2E8B4E0BE719}.Debug|Any CPU.Build.0 = Debug|Any CPU
		{00DF0DA3-4032-480F-8D56-2E8B4E0BE719}.Release|Any CPU.ActiveCfg = Release|Any CPU
		{00DF0DA3-4032-480F-8D56-2E8B4E0BE719}.Release|Any CPU.Build.0 = Release|Any CPU
	EndGlobalSection
	GlobalSection(SolutionProperties) = preSolution
		HideSolutionNode = FALSE
	EndGlobalSection
EndGlobal
